Microsoft Visual Studio Solution File, Format Version 12.00
# Visual Studio Version 17
VisualStudioVersion = 17.0.32014.148
MinimumVisualStudioVersion = 10.0.40219.1
Project("{9A19103F-16F7-4668-BE54-9A1E7A4F7556}") = "HackerNewsExtension", "src\extensions\HackerNewsExtension\HackerNewsExtension.csproj", "{1CAA6480-ED3B-462E-8D42-D34497DFB0AB}"
EndProject
Project("{9A19103F-16F7-4668-BE54-9A1E7A4F7556}") = "MastodonExtension", "src\extensions\MastodonExtension\MastodonExtension.csproj", "{474447BA-8DC2-4DE5-BDD4-DEFC172FD175}"
EndProject
Project("{9A19103F-16F7-4668-BE54-9A1E7A4F7556}") = "MediaControlsExtension", "src\extensions\MediaControlsExtension\MediaControlsExtension.csproj", "{922A3BEB-8A93-40B4-89FE-96AABD632E69}"
EndProject
Project("{FAE04EC0-301F-11D3-BF4B-00C04F79EFBC}") = "ObsidianExtension", "src\extensions\ObsidianExtension\ObsidianExtension.csproj", "{35554566-1283-3B37-0108-8E52CA1EF43D}"
EndProject
Project("{FAE04EC0-301F-11D3-BF4B-00C04F79EFBC}") = "NflExtension", "src\extensions\NflExtension\NflExtension.csproj", "{C5A024B2-6403-ECF7-EB51-0CD5888809DD}"
EndProject
Project("{2150E333-8FDC-42A3-9474-1A3956D46DE8}") = "Extensions", "Extensions", "{02EA681E-C7D8-13C7-8484-4AC65E1B71E8}"
EndProject
Project("{FAE04EC0-301F-11D3-BF4B-00C04F79EFBC}") = "TmdbExtension", "src\extensions\TmdbExtension\TmdbExtension.csproj", "{CC824B2E-F81E-59A7-65FB-BB37FA21608B}"
EndProject
Project("{2150E333-8FDC-42A3-9474-1A3956D46DE8}") = "Template", "Template", "{C2C22B81-EC12-4E78-A408-A23B7551DE5B}"
EndProject
Project("{FAE04EC0-301F-11D3-BF4B-00C04F79EFBC}") = "TemplateExtension", "src\extensions\TemplateExtension\TemplateExtension.csproj", "{82642019-A221-5D48-1DD6-92E2FADC1B1C}"
EndProject
Project("{FAE04EC0-301F-11D3-BF4B-00C04F79EFBC}") = "EdgeFavoritesExtension", "src\extensions\EdgeFavoritesExtension\EdgeFavoritesExtension.csproj", "{5E1E6729-F79D-5D38-83B4-58FBC4297A43}"
EndProject
Project("{FAE04EC0-301F-11D3-BF4B-00C04F79EFBC}") = "SegoeIconsExtension", "src\extensions\SegoeIconsExtension\SegoeIconsExtension.csproj", "{B5F9BD31-D67B-2EF2-DE74-AE399CE32731}"
EndProject
Project("{FAE04EC0-301F-11D3-BF4B-00C04F79EFBC}") = "SpongeBot", "src\extensions\SpongeBot\SpongeBot\SpongeBot.csproj", "{2DA30ED2-30DF-7FBA-739F-A5F0617199EC}"
EndProject
Global
	GlobalSection(SolutionConfigurationPlatforms) = preSolution
		Debug|ARM64 = Debug|ARM64
		Debug|x64 = Debug|x64
		Debug|x86 = Debug|x86
		Release|ARM64 = Release|ARM64
		Release|x64 = Release|x64
		Release|x86 = Release|x86
	EndGlobalSection
	GlobalSection(ProjectConfigurationPlatforms) = postSolution
		{1CAA6480-ED3B-462E-8D42-D34497DFB0AB}.Debug|ARM64.ActiveCfg = Debug|ARM64
		{1CAA6480-ED3B-462E-8D42-D34497DFB0AB}.Debug|ARM64.Build.0 = Debug|ARM64
		{1CAA6480-ED3B-462E-8D42-D34497DFB0AB}.Debug|ARM64.Deploy.0 = Debug|ARM64
		{1CAA6480-ED3B-462E-8D42-D34497DFB0AB}.Debug|x64.ActiveCfg = Debug|x64
		{1CAA6480-ED3B-462E-8D42-D34497DFB0AB}.Debug|x64.Build.0 = Debug|x64
		{1CAA6480-ED3B-462E-8D42-D34497DFB0AB}.Debug|x64.Deploy.0 = Debug|x64
		{1CAA6480-ED3B-462E-8D42-D34497DFB0AB}.Debug|x86.ActiveCfg = Debug|x64
		{1CAA6480-ED3B-462E-8D42-D34497DFB0AB}.Debug|x86.Build.0 = Debug|x64
		{1CAA6480-ED3B-462E-8D42-D34497DFB0AB}.Debug|x86.Deploy.0 = Debug|x64
		{1CAA6480-ED3B-462E-8D42-D34497DFB0AB}.Release|ARM64.ActiveCfg = Release|ARM64
		{1CAA6480-ED3B-462E-8D42-D34497DFB0AB}.Release|ARM64.Build.0 = Release|ARM64
		{1CAA6480-ED3B-462E-8D42-D34497DFB0AB}.Release|ARM64.Deploy.0 = Release|ARM64
		{1CAA6480-ED3B-462E-8D42-D34497DFB0AB}.Release|x64.ActiveCfg = Release|x64
		{1CAA6480-ED3B-462E-8D42-D34497DFB0AB}.Release|x64.Build.0 = Release|x64
		{1CAA6480-ED3B-462E-8D42-D34497DFB0AB}.Release|x64.Deploy.0 = Release|x64
		{1CAA6480-ED3B-462E-8D42-D34497DFB0AB}.Release|x86.ActiveCfg = Release|x64
		{1CAA6480-ED3B-462E-8D42-D34497DFB0AB}.Release|x86.Build.0 = Release|x64
		{1CAA6480-ED3B-462E-8D42-D34497DFB0AB}.Release|x86.Deploy.0 = Release|x64
		{474447BA-8DC2-4DE5-BDD4-DEFC172FD175}.Debug|ARM64.ActiveCfg = Debug|ARM64
		{474447BA-8DC2-4DE5-BDD4-DEFC172FD175}.Debug|ARM64.Build.0 = Debug|ARM64
		{474447BA-8DC2-4DE5-BDD4-DEFC172FD175}.Debug|ARM64.Deploy.0 = Debug|ARM64
		{474447BA-8DC2-4DE5-BDD4-DEFC172FD175}.Debug|x64.ActiveCfg = Debug|x64
		{474447BA-8DC2-4DE5-BDD4-DEFC172FD175}.Debug|x64.Build.0 = Debug|x64
		{474447BA-8DC2-4DE5-BDD4-DEFC172FD175}.Debug|x64.Deploy.0 = Debug|x64
		{474447BA-8DC2-4DE5-BDD4-DEFC172FD175}.Debug|x86.ActiveCfg = Debug|x64
		{474447BA-8DC2-4DE5-BDD4-DEFC172FD175}.Debug|x86.Build.0 = Debug|x64
		{474447BA-8DC2-4DE5-BDD4-DEFC172FD175}.Debug|x86.Deploy.0 = Debug|x64
		{474447BA-8DC2-4DE5-BDD4-DEFC172FD175}.Release|ARM64.ActiveCfg = Release|ARM64
		{474447BA-8DC2-4DE5-BDD4-DEFC172FD175}.Release|ARM64.Build.0 = Release|ARM64
		{474447BA-8DC2-4DE5-BDD4-DEFC172FD175}.Release|ARM64.Deploy.0 = Release|ARM64
		{474447BA-8DC2-4DE5-BDD4-DEFC172FD175}.Release|x64.ActiveCfg = Release|x64
		{474447BA-8DC2-4DE5-BDD4-DEFC172FD175}.Release|x64.Build.0 = Release|x64
		{474447BA-8DC2-4DE5-BDD4-DEFC172FD175}.Release|x64.Deploy.0 = Release|x64
		{474447BA-8DC2-4DE5-BDD4-DEFC172FD175}.Release|x86.ActiveCfg = Release|x64
		{474447BA-8DC2-4DE5-BDD4-DEFC172FD175}.Release|x86.Build.0 = Release|x64
		{474447BA-8DC2-4DE5-BDD4-DEFC172FD175}.Release|x86.Deploy.0 = Release|x64
		{922A3BEB-8A93-40B4-89FE-96AABD632E69}.Debug|ARM64.ActiveCfg = Debug|ARM64
		{922A3BEB-8A93-40B4-89FE-96AABD632E69}.Debug|ARM64.Build.0 = Debug|ARM64
		{922A3BEB-8A93-40B4-89FE-96AABD632E69}.Debug|ARM64.Deploy.0 = Debug|ARM64
		{922A3BEB-8A93-40B4-89FE-96AABD632E69}.Debug|x64.ActiveCfg = Debug|x64
		{922A3BEB-8A93-40B4-89FE-96AABD632E69}.Debug|x64.Build.0 = Debug|x64
		{922A3BEB-8A93-40B4-89FE-96AABD632E69}.Debug|x64.Deploy.0 = Debug|x64
		{922A3BEB-8A93-40B4-89FE-96AABD632E69}.Debug|x86.ActiveCfg = Debug|x64
		{922A3BEB-8A93-40B4-89FE-96AABD632E69}.Debug|x86.Build.0 = Debug|x64
		{922A3BEB-8A93-40B4-89FE-96AABD632E69}.Debug|x86.Deploy.0 = Debug|x64
		{922A3BEB-8A93-40B4-89FE-96AABD632E69}.Release|ARM64.ActiveCfg = Release|ARM64
		{922A3BEB-8A93-40B4-89FE-96AABD632E69}.Release|ARM64.Build.0 = Release|ARM64
		{922A3BEB-8A93-40B4-89FE-96AABD632E69}.Release|ARM64.Deploy.0 = Release|ARM64
		{922A3BEB-8A93-40B4-89FE-96AABD632E69}.Release|x64.ActiveCfg = Release|x64
		{922A3BEB-8A93-40B4-89FE-96AABD632E69}.Release|x64.Build.0 = Release|x64
		{922A3BEB-8A93-40B4-89FE-96AABD632E69}.Release|x64.Deploy.0 = Release|x64
		{922A3BEB-8A93-40B4-89FE-96AABD632E69}.Release|x86.ActiveCfg = Release|x64
		{922A3BEB-8A93-40B4-89FE-96AABD632E69}.Release|x86.Build.0 = Release|x64
		{922A3BEB-8A93-40B4-89FE-96AABD632E69}.Release|x86.Deploy.0 = Release|x64
		{35554566-1283-3B37-0108-8E52CA1EF43D}.Debug|ARM64.ActiveCfg = Debug|ARM64
		{35554566-1283-3B37-0108-8E52CA1EF43D}.Debug|ARM64.Build.0 = Debug|ARM64
		{35554566-1283-3B37-0108-8E52CA1EF43D}.Debug|ARM64.Deploy.0 = Debug|ARM64
		{35554566-1283-3B37-0108-8E52CA1EF43D}.Debug|x64.ActiveCfg = Debug|x64
		{35554566-1283-3B37-0108-8E52CA1EF43D}.Debug|x64.Build.0 = Debug|x64
		{35554566-1283-3B37-0108-8E52CA1EF43D}.Debug|x64.Deploy.0 = Debug|x64
		{35554566-1283-3B37-0108-8E52CA1EF43D}.Debug|x86.ActiveCfg = Debug|x64
		{35554566-1283-3B37-0108-8E52CA1EF43D}.Debug|x86.Build.0 = Debug|x64
		{35554566-1283-3B37-0108-8E52CA1EF43D}.Debug|x86.Deploy.0 = Debug|x64
		{35554566-1283-3B37-0108-8E52CA1EF43D}.Release|ARM64.ActiveCfg = Release|ARM64
		{35554566-1283-3B37-0108-8E52CA1EF43D}.Release|ARM64.Build.0 = Release|ARM64
		{35554566-1283-3B37-0108-8E52CA1EF43D}.Release|ARM64.Deploy.0 = Release|ARM64
		{35554566-1283-3B37-0108-8E52CA1EF43D}.Release|x64.ActiveCfg = Release|x64
		{35554566-1283-3B37-0108-8E52CA1EF43D}.Release|x64.Build.0 = Release|x64
		{35554566-1283-3B37-0108-8E52CA1EF43D}.Release|x64.Deploy.0 = Release|x64
		{35554566-1283-3B37-0108-8E52CA1EF43D}.Release|x86.ActiveCfg = Release|x64
		{35554566-1283-3B37-0108-8E52CA1EF43D}.Release|x86.Build.0 = Release|x64
		{35554566-1283-3B37-0108-8E52CA1EF43D}.Release|x86.Deploy.0 = Release|x64
		{C5A024B2-6403-ECF7-EB51-0CD5888809DD}.Debug|ARM64.ActiveCfg = Debug|ARM64
		{C5A024B2-6403-ECF7-EB51-0CD5888809DD}.Debug|ARM64.Build.0 = Debug|ARM64
		{C5A024B2-6403-ECF7-EB51-0CD5888809DD}.Debug|ARM64.Deploy.0 = Debug|ARM64
		{C5A024B2-6403-ECF7-EB51-0CD5888809DD}.Debug|x64.ActiveCfg = Debug|x64
		{C5A024B2-6403-ECF7-EB51-0CD5888809DD}.Debug|x64.Build.0 = Debug|x64
		{C5A024B2-6403-ECF7-EB51-0CD5888809DD}.Debug|x64.Deploy.0 = Debug|x64
		{C5A024B2-6403-ECF7-EB51-0CD5888809DD}.Debug|x86.ActiveCfg = Debug|x64
		{C5A024B2-6403-ECF7-EB51-0CD5888809DD}.Debug|x86.Build.0 = Debug|x64
		{C5A024B2-6403-ECF7-EB51-0CD5888809DD}.Debug|x86.Deploy.0 = Debug|x64
		{C5A024B2-6403-ECF7-EB51-0CD5888809DD}.Release|ARM64.ActiveCfg = Release|ARM64
		{C5A024B2-6403-ECF7-EB51-0CD5888809DD}.Release|ARM64.Build.0 = Release|ARM64
		{C5A024B2-6403-ECF7-EB51-0CD5888809DD}.Release|ARM64.Deploy.0 = Release|ARM64
		{C5A024B2-6403-ECF7-EB51-0CD5888809DD}.Release|x64.ActiveCfg = Release|x64
		{C5A024B2-6403-ECF7-EB51-0CD5888809DD}.Release|x64.Build.0 = Release|x64
		{C5A024B2-6403-ECF7-EB51-0CD5888809DD}.Release|x64.Deploy.0 = Release|x64
		{C5A024B2-6403-ECF7-EB51-0CD5888809DD}.Release|x86.ActiveCfg = Release|x64
		{C5A024B2-6403-ECF7-EB51-0CD5888809DD}.Release|x86.Build.0 = Release|x64
		{C5A024B2-6403-ECF7-EB51-0CD5888809DD}.Release|x86.Deploy.0 = Release|x64
		{CC824B2E-F81E-59A7-65FB-BB37FA21608B}.Debug|ARM64.ActiveCfg = Debug|ARM64
		{CC824B2E-F81E-59A7-65FB-BB37FA21608B}.Debug|ARM64.Build.0 = Debug|ARM64
		{CC824B2E-F81E-59A7-65FB-BB37FA21608B}.Debug|ARM64.Deploy.0 = Debug|ARM64
		{CC824B2E-F81E-59A7-65FB-BB37FA21608B}.Debug|x64.ActiveCfg = Debug|x64
		{CC824B2E-F81E-59A7-65FB-BB37FA21608B}.Debug|x64.Build.0 = Debug|x64
		{CC824B2E-F81E-59A7-65FB-BB37FA21608B}.Debug|x64.Deploy.0 = Debug|x64
		{CC824B2E-F81E-59A7-65FB-BB37FA21608B}.Debug|x86.ActiveCfg = Debug|x64
		{CC824B2E-F81E-59A7-65FB-BB37FA21608B}.Debug|x86.Build.0 = Debug|x64
		{CC824B2E-F81E-59A7-65FB-BB37FA21608B}.Debug|x86.Deploy.0 = Debug|x64
		{CC824B2E-F81E-59A7-65FB-BB37FA21608B}.Release|ARM64.ActiveCfg = Release|ARM64
		{CC824B2E-F81E-59A7-65FB-BB37FA21608B}.Release|ARM64.Build.0 = Release|ARM64
		{CC824B2E-F81E-59A7-65FB-BB37FA21608B}.Release|ARM64.Deploy.0 = Release|ARM64
		{CC824B2E-F81E-59A7-65FB-BB37FA21608B}.Release|x64.ActiveCfg = Release|x64
		{CC824B2E-F81E-59A7-65FB-BB37FA21608B}.Release|x64.Build.0 = Release|x64
		{CC824B2E-F81E-59A7-65FB-BB37FA21608B}.Release|x64.Deploy.0 = Release|x64
		{CC824B2E-F81E-59A7-65FB-BB37FA21608B}.Release|x86.ActiveCfg = Release|x64
		{CC824B2E-F81E-59A7-65FB-BB37FA21608B}.Release|x86.Build.0 = Release|x64
		{CC824B2E-F81E-59A7-65FB-BB37FA21608B}.Release|x86.Deploy.0 = Release|x64
		{82642019-A221-5D48-1DD6-92E2FADC1B1C}.Debug|ARM64.ActiveCfg = Debug|ARM64
		{82642019-A221-5D48-1DD6-92E2FADC1B1C}.Debug|ARM64.Build.0 = Debug|ARM64
		{82642019-A221-5D48-1DD6-92E2FADC1B1C}.Debug|ARM64.Deploy.0 = Debug|ARM64
		{82642019-A221-5D48-1DD6-92E2FADC1B1C}.Debug|x64.ActiveCfg = Debug|x64
		{82642019-A221-5D48-1DD6-92E2FADC1B1C}.Debug|x64.Build.0 = Debug|x64
		{82642019-A221-5D48-1DD6-92E2FADC1B1C}.Debug|x64.Deploy.0 = Debug|x64
		{82642019-A221-5D48-1DD6-92E2FADC1B1C}.Debug|x86.ActiveCfg = Debug|x64
		{82642019-A221-5D48-1DD6-92E2FADC1B1C}.Debug|x86.Build.0 = Debug|x64
		{82642019-A221-5D48-1DD6-92E2FADC1B1C}.Debug|x86.Deploy.0 = Debug|x64
		{82642019-A221-5D48-1DD6-92E2FADC1B1C}.Release|ARM64.ActiveCfg = Release|ARM64
		{82642019-A221-5D48-1DD6-92E2FADC1B1C}.Release|ARM64.Build.0 = Release|ARM64
		{82642019-A221-5D48-1DD6-92E2FADC1B1C}.Release|ARM64.Deploy.0 = Release|ARM64
		{82642019-A221-5D48-1DD6-92E2FADC1B1C}.Release|x64.ActiveCfg = Release|x64
		{82642019-A221-5D48-1DD6-92E2FADC1B1C}.Release|x64.Build.0 = Release|x64
		{82642019-A221-5D48-1DD6-92E2FADC1B1C}.Release|x64.Deploy.0 = Release|x64
		{82642019-A221-5D48-1DD6-92E2FADC1B1C}.Release|x86.ActiveCfg = Release|x64
		{82642019-A221-5D48-1DD6-92E2FADC1B1C}.Release|x86.Build.0 = Release|x64
		{82642019-A221-5D48-1DD6-92E2FADC1B1C}.Release|x86.Deploy.0 = Release|x64
		{5E1E6729-F79D-5D38-83B4-58FBC4297A43}.Debug|ARM64.ActiveCfg = Debug|ARM64
		{5E1E6729-F79D-5D38-83B4-58FBC4297A43}.Debug|ARM64.Build.0 = Debug|ARM64
		{5E1E6729-F79D-5D38-83B4-58FBC4297A43}.Debug|x64.ActiveCfg = Debug|x64
		{5E1E6729-F79D-5D38-83B4-58FBC4297A43}.Debug|x64.Build.0 = Debug|x64
		{5E1E6729-F79D-5D38-83B4-58FBC4297A43}.Debug|x64.Deploy.0 = Debug|x64
		{5E1E6729-F79D-5D38-83B4-58FBC4297A43}.Debug|x86.ActiveCfg = Debug|x64
		{5E1E6729-F79D-5D38-83B4-58FBC4297A43}.Debug|x86.Build.0 = Debug|x64
		{5E1E6729-F79D-5D38-83B4-58FBC4297A43}.Release|ARM64.ActiveCfg = Release|ARM64
		{5E1E6729-F79D-5D38-83B4-58FBC4297A43}.Release|ARM64.Build.0 = Release|ARM64
		{5E1E6729-F79D-5D38-83B4-58FBC4297A43}.Release|x64.ActiveCfg = Release|x64
		{5E1E6729-F79D-5D38-83B4-58FBC4297A43}.Release|x64.Build.0 = Release|x64
		{5E1E6729-F79D-5D38-83B4-58FBC4297A43}.Release|x86.ActiveCfg = Release|x64
		{5E1E6729-F79D-5D38-83B4-58FBC4297A43}.Release|x86.Build.0 = Release|x64
		{B5F9BD31-D67B-2EF2-DE74-AE399CE32731}.Debug|ARM64.ActiveCfg = Debug|ARM64
		{B5F9BD31-D67B-2EF2-DE74-AE399CE32731}.Debug|ARM64.Build.0 = Debug|ARM64
		{B5F9BD31-D67B-2EF2-DE74-AE399CE32731}.Debug|ARM64.Deploy.0 = Debug|ARM64
		{B5F9BD31-D67B-2EF2-DE74-AE399CE32731}.Debug|x64.ActiveCfg = Debug|x64
		{B5F9BD31-D67B-2EF2-DE74-AE399CE32731}.Debug|x64.Build.0 = Debug|x64
		{B5F9BD31-D67B-2EF2-DE74-AE399CE32731}.Debug|x64.Deploy.0 = Debug|x64
		{B5F9BD31-D67B-2EF2-DE74-AE399CE32731}.Debug|x86.ActiveCfg = Debug|x64
		{B5F9BD31-D67B-2EF2-DE74-AE399CE32731}.Debug|x86.Build.0 = Debug|x64
		{B5F9BD31-D67B-2EF2-DE74-AE399CE32731}.Debug|x86.Deploy.0 = Debug|x64
		{B5F9BD31-D67B-2EF2-DE74-AE399CE32731}.Release|ARM64.ActiveCfg = Release|ARM64
		{B5F9BD31-D67B-2EF2-DE74-AE399CE32731}.Release|ARM64.Build.0 = Release|ARM64
		{B5F9BD31-D67B-2EF2-DE74-AE399CE32731}.Release|ARM64.Deploy.0 = Release|ARM64
		{B5F9BD31-D67B-2EF2-DE74-AE399CE32731}.Release|x64.ActiveCfg = Release|x64
		{B5F9BD31-D67B-2EF2-DE74-AE399CE32731}.Release|x64.Build.0 = Release|x64
		{B5F9BD31-D67B-2EF2-DE74-AE399CE32731}.Release|x64.Deploy.0 = Release|x64
		{B5F9BD31-D67B-2EF2-DE74-AE399CE32731}.Release|x86.ActiveCfg = Release|x64
		{B5F9BD31-D67B-2EF2-DE74-AE399CE32731}.Release|x86.Build.0 = Release|x64
		{B5F9BD31-D67B-2EF2-DE74-AE399CE32731}.Release|x86.Deploy.0 = Release|x64
		{2DA30ED2-30DF-7FBA-739F-A5F0617199EC}.Debug|ARM64.ActiveCfg = Debug|ARM64
		{2DA30ED2-30DF-7FBA-739F-A5F0617199EC}.Debug|ARM64.Build.0 = Debug|ARM64
		{2DA30ED2-30DF-7FBA-739F-A5F0617199EC}.Debug|ARM64.Deploy.0 = Debug|ARM64
		{2DA30ED2-30DF-7FBA-739F-A5F0617199EC}.Debug|x64.ActiveCfg = Debug|x64
		{2DA30ED2-30DF-7FBA-739F-A5F0617199EC}.Debug|x64.Build.0 = Debug|x64
		{2DA30ED2-30DF-7FBA-739F-A5F0617199EC}.Debug|x64.Deploy.0 = Debug|x64
		{2DA30ED2-30DF-7FBA-739F-A5F0617199EC}.Debug|x86.ActiveCfg = Debug|x64
		{2DA30ED2-30DF-7FBA-739F-A5F0617199EC}.Debug|x86.Build.0 = Debug|x64
		{2DA30ED2-30DF-7FBA-739F-A5F0617199EC}.Debug|x86.Deploy.0 = Debug|x64
		{2DA30ED2-30DF-7FBA-739F-A5F0617199EC}.Release|ARM64.ActiveCfg = Release|ARM64
		{2DA30ED2-30DF-7FBA-739F-A5F0617199EC}.Release|ARM64.Build.0 = Release|ARM64
		{2DA30ED2-30DF-7FBA-739F-A5F0617199EC}.Release|ARM64.Deploy.0 = Release|ARM64
		{2DA30ED2-30DF-7FBA-739F-A5F0617199EC}.Release|x64.ActiveCfg = Release|x64
		{2DA30ED2-30DF-7FBA-739F-A5F0617199EC}.Release|x64.Build.0 = Release|x64
		{2DA30ED2-30DF-7FBA-739F-A5F0617199EC}.Release|x64.Deploy.0 = Release|x64
		{2DA30ED2-30DF-7FBA-739F-A5F0617199EC}.Release|x86.ActiveCfg = Release|x64
		{2DA30ED2-30DF-7FBA-739F-A5F0617199EC}.Release|x86.Build.0 = Release|x64
		{2DA30ED2-30DF-7FBA-739F-A5F0617199EC}.Release|x86.Deploy.0 = Release|x64
	EndGlobalSection
	GlobalSection(SolutionProperties) = preSolution
		HideSolutionNode = FALSE
	EndGlobalSection
	GlobalSection(NestedProjects) = preSolution
		{1CAA6480-ED3B-462E-8D42-D34497DFB0AB} = {02EA681E-C7D8-13C7-8484-4AC65E1B71E8}
		{474447BA-8DC2-4DE5-BDD4-DEFC172FD175} = {02EA681E-C7D8-13C7-8484-4AC65E1B71E8}
		{922A3BEB-8A93-40B4-89FE-96AABD632E69} = {02EA681E-C7D8-13C7-8484-4AC65E1B71E8}
		{35554566-1283-3B37-0108-8E52CA1EF43D} = {02EA681E-C7D8-13C7-8484-4AC65E1B71E8}
		{C5A024B2-6403-ECF7-EB51-0CD5888809DD} = {02EA681E-C7D8-13C7-8484-4AC65E1B71E8}
		{CC824B2E-F81E-59A7-65FB-BB37FA21608B} = {02EA681E-C7D8-13C7-8484-4AC65E1B71E8}
		{82642019-A221-5D48-1DD6-92E2FADC1B1C} = {C2C22B81-EC12-4E78-A408-A23B7551DE5B}
		{5E1E6729-F79D-5D38-83B4-58FBC4297A43} = {02EA681E-C7D8-13C7-8484-4AC65E1B71E8}
		{B5F9BD31-D67B-2EF2-DE74-AE399CE32731} = {02EA681E-C7D8-13C7-8484-4AC65E1B71E8}
		{2DA30ED2-30DF-7FBA-739F-A5F0617199EC} = {02EA681E-C7D8-13C7-8484-4AC65E1B71E8}
	EndGlobalSection
	GlobalSection(ExtensibilityGlobals) = postSolution
		SolutionGuid = {C3A2F9D1-7930-4EF4-A6FC-7EE0A99821D0}
	EndGlobalSection
EndGlobal
